
Microsoft Visual Studio Solution File, Format Version 12.00
Project("{FAE04EC0-301F-11D3-BF4B-00C04F79EFBC}") = "dotnet-rpg", "dotnet-rpg\dotnet-rpg.csproj", "{35FC6D90-D062-4E4D-BEC0-0903EEB22BC0}"
EndProject
Global
	GlobalSection(SolutionConfigurationPlatforms) = preSolution
		Debug|Any CPU = Debug|Any CPU
		Release|Any CPU = Release|Any CPU
	EndGlobalSection
	GlobalSection(ProjectConfigurationPlatforms) = postSolution
		{35FC6D90-D062-4E4D-BEC0-0903EEB22BC0}.Debug|Any CPU.ActiveCfg = Debug|Any CPU
		{35FC6D90-D062-4E4D-BEC0-0903EEB22BC0}.Debug|Any CPU.Build.0 = Debug|Any CPU
		{35FC6D90-D062-4E4D-BEC0-0903EEB22BC0}.Release|Any CPU.ActiveCfg = Release|Any CPU
		{35FC6D90-D062-4E4D-BEC0-0903EEB22BC0}.Release|Any CPU.Build.0 = Release|Any CPU
	EndGlobalSection
EndGlobal
